
Microsoft Visual Studio Solution File, Format Version 12.00
# Visual Studio Version 17
VisualStudioVersion = 17.9.34622.214
MinimumVisualStudioVersion = 10.0.40219.1
Project("{FAE04EC0-301F-11D3-BF4B-00C04F79EFBC}") = "WPF-Calc", "WPF-Calc\WPF-Calc.csproj", "{57536EB6-197F-459D-A8E1-D843C44B1A49}"
EndProject
Global
	GlobalSection(SolutionConfigurationPlatforms) = preSolution
		Debug|Any CPU = Debug|Any CPU
		Release|Any CPU = Release|Any CPU
		WWW|Any CPU = WWW|Any CPU
	EndGlobalSection
	GlobalSection(ProjectConfigurationPlatforms) = postSolution
		{57536EB6-197F-459D-A8E1-D843C44B1A49}.Debug|Any CPU.ActiveCfg = Debug|Any CPU
		{57536EB6-197F-459D-A8E1-D843C44B1A49}.Debug|Any CPU.Build.0 = Debug|Any CPU
		{57536EB6-197F-459D-A8E1-D843C44B1A49}.Release|Any CPU.ActiveCfg = Release|Any CPU
		{57536EB6-197F-459D-A8E1-D843C44B1A49}.Release|Any CPU.Build.0 = Release|Any CPU
		{57536EB6-197F-459D-A8E1-D843C44B1A49}.WWW|Any CPU.ActiveCfg = WWW|Any CPU
		{57536EB6-197F-459D-A8E1-D843C44B1A49}.WWW|Any CPU.Build.0 = WWW|Any CPU
	EndGlobalSection
	GlobalSection(SolutionProperties) = preSolution
		HideSolutionNode = FALSE
	EndGlobalSection
	GlobalSection(ExtensibilityGlobals) = postSolution
		SolutionGuid = {023D74AF-9C1A-4D60-B944-A8837467C1FA}
	EndGlobalSection
EndGlobal
